
Microsoft Visual Studio Solution File, Format Version 12.00
# Visual Studio 15
VisualStudioVersion = 15.0.27004.2009
MinimumVisualStudioVersion = 10.0.40219.1
Project("{2150E333-8FDC-42A3-9474-1A3956D46DE8}") = "JDE", "JDE", "{50F50F4A-DAE7-43A6-8903-74D5B7D09AEB}"
EndProject
Project("{2150E333-8FDC-42A3-9474-1A3956D46DE8}") = "SharedLib", "SharedLib", "{85A6B074-78CE-44DC-9847-7581FA9827A1}"
	ProjectSection(SolutionItems) = preProject
		..\..\Backup\OracleEBSConnector\OracleEBSConnector\SharedLib\ODBC\QueryExecutor.cs = ..\..\Backup\OracleEBSConnector\OracleEBSConnector\SharedLib\ODBC\QueryExecutor.cs
	EndProjectSection
EndProject
Project("{FAE04EC0-301F-11D3-BF4B-00C04F79EFBC}") = "ConnectorEntity", "SharedLib\Entity\ConnectorEntity.csproj", "{6C77D23E-63F6-4759-A5C4-6C02C3B6EBE3}"
EndProject
Project("{FAE04EC0-301F-11D3-BF4B-00C04F79EFBC}") = "ODBC", "SharedLib\ODBC\ODBC.csproj", "{F545FE3F-9F7D-4F5A-90A8-5B6FE284DCAA}"
EndProject
Project("{FAE04EC0-301F-11D3-BF4B-00C04F79EFBC}") = "Tulpep.NotificationWindow", "SharedLib\Tulpep.NotificationWindow\Tulpep.NotificationWindow.csproj", "{605006EB-D4E6-4312-A293-3A43FAC43240}"
EndProject
Project("{FAE04EC0-301F-11D3-BF4B-00C04F79EFBC}") = "Utility", "SharedLib\Utility\Utility.csproj", "{1BA2DC62-683C-4894-8DDC-E4002E60050E}"
EndProject
Project("{FAE04EC0-301F-11D3-BF4B-00C04F79EFBC}") = "WebClientUtility", "SharedLib\WebClient\WebClientUtility.csproj", "{CBEEC4D5-9111-48E5-A79A-DE206EF71532}"
EndProject
Project("{2150E333-8FDC-42A3-9474-1A3956D46DE8}") = "ConnectorLib", "ConnectorLib", "{1D214E1C-3D5A-48C5-B331-C1B6AC4A3F6C}"
EndProject
Project("{FAE04EC0-301F-11D3-BF4B-00C04F79EFBC}") = "ConnectorLib", "ConnectorLib\ConnectorLib.csproj", "{F8819A49-3105-4B26-AD6A-00723141F02D}"
EndProject
Project("{2150E333-8FDC-42A3-9474-1A3956D46DE8}") = "ConnectorModel", "ConnectorModel", "{3886A544-7F06-4580-B5F5-1037C110CEF3}"
EndProject
Project("{FAE04EC0-301F-11D3-BF4B-00C04F79EFBC}") = "ConnectorModel", "ConnectorModel\ConnectorModel.csproj", "{5C1DC578-0BDA-4395-8A5F-E7E0342D02D1}"
EndProject
Project("{2150E333-8FDC-42A3-9474-1A3956D46DE8}") = "ConnectorUI", "ConnectorUI", "{3859CFC5-1F1B-4F64-A177-2102D7063299}"
EndProject
Project("{FAE04EC0-301F-11D3-BF4B-00C04F79EFBC}") = "ConnectorUI", "ConnectorUI\ConnectorUI.csproj", "{BB8DCF69-5B43-44C0-A35B-CD38336A0B25}"
EndProject
Global
	GlobalSection(SolutionConfigurationPlatforms) = preSolution
		Debug|Any CPU = Debug|Any CPU
		Debug|x86 = Debug|x86
		Release|Any CPU = Release|Any CPU
		Release|x86 = Release|x86
	EndGlobalSection
	GlobalSection(ProjectConfigurationPlatforms) = postSolution
		{6C77D23E-63F6-4759-A5C4-6C02C3B6EBE3}.Debug|Any CPU.ActiveCfg = Debug|Any CPU
		{6C77D23E-63F6-4759-A5C4-6C02C3B6EBE3}.Debug|Any CPU.Build.0 = Debug|Any CPU
		{6C77D23E-63F6-4759-A5C4-6C02C3B6EBE3}.Debug|x86.ActiveCfg = Debug|Any CPU
		{6C77D23E-63F6-4759-A5C4-6C02C3B6EBE3}.Debug|x86.Build.0 = Debug|Any CPU
		{6C77D23E-63F6-4759-A5C4-6C02C3B6EBE3}.Release|Any CPU.ActiveCfg = Release|Any CPU
		{6C77D23E-63F6-4759-A5C4-6C02C3B6EBE3}.Release|Any CPU.Build.0 = Release|Any CPU
		{6C77D23E-63F6-4759-A5C4-6C02C3B6EBE3}.Release|x86.ActiveCfg = Release|Any CPU
		{6C77D23E-63F6-4759-A5C4-6C02C3B6EBE3}.Release|x86.Build.0 = Release|Any CPU
		{F545FE3F-9F7D-4F5A-90A8-5B6FE284DCAA}.Debug|Any CPU.ActiveCfg = Debug|Any CPU
		{F545FE3F-9F7D-4F5A-90A8-5B6FE284DCAA}.Debug|Any CPU.Build.0 = Debug|Any CPU
		{F545FE3F-9F7D-4F5A-90A8-5B6FE284DCAA}.Debug|x86.ActiveCfg = Debug|x86
		{F545FE3F-9F7D-4F5A-90A8-5B6FE284DCAA}.Debug|x86.Build.0 = Debug|x86
		{F545FE3F-9F7D-4F5A-90A8-5B6FE284DCAA}.Release|Any CPU.ActiveCfg = Release|Any CPU
		{F545FE3F-9F7D-4F5A-90A8-5B6FE284DCAA}.Release|Any CPU.Build.0 = Release|Any CPU
		{F545FE3F-9F7D-4F5A-90A8-5B6FE284DCAA}.Release|x86.ActiveCfg = Release|x86
		{F545FE3F-9F7D-4F5A-90A8-5B6FE284DCAA}.Release|x86.Build.0 = Release|x86
		{605006EB-D4E6-4312-A293-3A43FAC43240}.Debug|Any CPU.ActiveCfg = Debug|Any CPU
		{605006EB-D4E6-4312-A293-3A43FAC43240}.Debug|Any CPU.Build.0 = Debug|Any CPU
		{605006EB-D4E6-4312-A293-3A43FAC43240}.Debug|x86.ActiveCfg = Debug|x86
		{605006EB-D4E6-4312-A293-3A43FAC43240}.Debug|x86.Build.0 = Debug|x86
		{605006EB-D4E6-4312-A293-3A43FAC43240}.Release|Any CPU.ActiveCfg = Release|Any CPU
		{605006EB-D4E6-4312-A293-3A43FAC43240}.Release|Any CPU.Build.0 = Release|Any CPU
		{605006EB-D4E6-4312-A293-3A43FAC43240}.Release|x86.ActiveCfg = Release|x86
		{605006EB-D4E6-4312-A293-3A43FAC43240}.Release|x86.Build.0 = Release|x86
		{1BA2DC62-683C-4894-8DDC-E4002E60050E}.Debug|Any CPU.ActiveCfg = Debug|Any CPU
		{1BA2DC62-683C-4894-8DDC-E4002E60050E}.Debug|Any CPU.Build.0 = Debug|Any CPU
		{1BA2DC62-683C-4894-8DDC-E4002E60050E}.Debug|x86.ActiveCfg = Debug|Any CPU
		{1BA2DC62-683C-4894-8DDC-E4002E60050E}.Debug|x86.Build.0 = Debug|Any CPU
		{1BA2DC62-683C-4894-8DDC-E4002E60050E}.Release|Any CPU.ActiveCfg = Release|Any CPU
		{1BA2DC62-683C-4894-8DDC-E4002E60050E}.Release|Any CPU.Build.0 = Release|Any CPU
		{1BA2DC62-683C-4894-8DDC-E4002E60050E}.Release|x86.ActiveCfg = Release|Any CPU
		{1BA2DC62-683C-4894-8DDC-E4002E60050E}.Release|x86.Build.0 = Release|Any CPU
		{CBEEC4D5-9111-48E5-A79A-DE206EF71532}.Debug|Any CPU.ActiveCfg = Debug|Any CPU
		{CBEEC4D5-9111-48E5-A79A-DE206EF71532}.Debug|Any CPU.Build.0 = Debug|Any CPU
		{CBEEC4D5-9111-48E5-A79A-DE206EF71532}.Debug|x86.ActiveCfg = Debug|Any CPU
		{CBEEC4D5-9111-48E5-A79A-DE206EF71532}.Debug|x86.Build.0 = Debug|Any CPU
		{CBEEC4D5-9111-48E5-A79A-DE206EF71532}.Release|Any CPU.ActiveCfg = Release|Any CPU
		{CBEEC4D5-9111-48E5-A79A-DE206EF71532}.Release|Any CPU.Build.0 = Release|Any CPU
		{CBEEC4D5-9111-48E5-A79A-DE206EF71532}.Release|x86.ActiveCfg = Release|Any CPU
		{CBEEC4D5-9111-48E5-A79A-DE206EF71532}.Release|x86.Build.0 = Release|Any CPU
		{F8819A49-3105-4B26-AD6A-00723141F02D}.Debug|Any CPU.ActiveCfg = Debug|Any CPU
		{F8819A49-3105-4B26-AD6A-00723141F02D}.Debug|Any CPU.Build.0 = Debug|Any CPU
		{F8819A49-3105-4B26-AD6A-00723141F02D}.Debug|x86.ActiveCfg = Debug|Any CPU
		{F8819A49-3105-4B26-AD6A-00723141F02D}.Debug|x86.Build.0 = Debug|Any CPU
		{F8819A49-3105-4B26-AD6A-00723141F02D}.Release|Any CPU.ActiveCfg = Release|Any CPU
		{F8819A49-3105-4B26-AD6A-00723141F02D}.Release|Any CPU.Build.0 = Release|Any CPU
		{F8819A49-3105-4B26-AD6A-00723141F02D}.Release|x86.ActiveCfg = Release|Any CPU
		{F8819A49-3105-4B26-AD6A-00723141F02D}.Release|x86.Build.0 = Release|Any CPU
		{5C1DC578-0BDA-4395-8A5F-E7E0342D02D1}.Debug|Any CPU.ActiveCfg = Debug|Any CPU
		{5C1DC578-0BDA-4395-8A5F-E7E0342D02D1}.Debug|Any CPU.Build.0 = Debug|Any CPU
		{5C1DC578-0BDA-4395-8A5F-E7E0342D02D1}.Debug|x86.ActiveCfg = Debug|Any CPU
		{5C1DC578-0BDA-4395-8A5F-E7E0342D02D1}.Debug|x86.Build.0 = Debug|Any CPU
		{5C1DC578-0BDA-4395-8A5F-E7E0342D02D1}.Release|Any CPU.ActiveCfg = Release|Any CPU
		{5C1DC578-0BDA-4395-8A5F-E7E0342D02D1}.Release|Any CPU.Build.0 = Release|Any CPU
		{5C1DC578-0BDA-4395-8A5F-E7E0342D02D1}.Release|x86.ActiveCfg = Release|Any CPU
		{5C1DC578-0BDA-4395-8A5F-E7E0342D02D1}.Release|x86.Build.0 = Release|Any CPU
		{BB8DCF69-5B43-44C0-A35B-CD38336A0B25}.Debug|Any CPU.ActiveCfg = Debug|Any CPU
		{BB8DCF69-5B43-44C0-A35B-CD38336A0B25}.Debug|Any CPU.Build.0 = Debug|Any CPU
		{BB8DCF69-5B43-44C0-A35B-CD38336A0B25}.Debug|x86.ActiveCfg = Debug|Any CPU
		{BB8DCF69-5B43-44C0-A35B-CD38336A0B25}.Debug|x86.Build.0 = Debug|Any CPU
		{BB8DCF69-5B43-44C0-A35B-CD38336A0B25}.Release|Any CPU.ActiveCfg = Release|Any CPU
		{BB8DCF69-5B43-44C0-A35B-CD38336A0B25}.Release|Any CPU.Build.0 = Release|Any CPU
		{BB8DCF69-5B43-44C0-A35B-CD38336A0B25}.Release|x86.ActiveCfg = Release|Any CPU
		{BB8DCF69-5B43-44C0-A35B-CD38336A0B25}.Release|x86.Build.0 = Release|Any CPU
	EndGlobalSection
	GlobalSection(SolutionProperties) = preSolution
		HideSolutionNode = FALSE
	EndGlobalSection
	GlobalSection(NestedProjects) = preSolution
		{6C77D23E-63F6-4759-A5C4-6C02C3B6EBE3} = {85A6B074-78CE-44DC-9847-7581FA9827A1}
		{F545FE3F-9F7D-4F5A-90A8-5B6FE284DCAA} = {85A6B074-78CE-44DC-9847-7581FA9827A1}
		{605006EB-D4E6-4312-A293-3A43FAC43240} = {85A6B074-78CE-44DC-9847-7581FA9827A1}
		{1BA2DC62-683C-4894-8DDC-E4002E60050E} = {85A6B074-78CE-44DC-9847-7581FA9827A1}
		{CBEEC4D5-9111-48E5-A79A-DE206EF71532} = {85A6B074-78CE-44DC-9847-7581FA9827A1}
		{1D214E1C-3D5A-48C5-B331-C1B6AC4A3F6C} = {50F50F4A-DAE7-43A6-8903-74D5B7D09AEB}
		{F8819A49-3105-4B26-AD6A-00723141F02D} = {1D214E1C-3D5A-48C5-B331-C1B6AC4A3F6C}
		{3886A544-7F06-4580-B5F5-1037C110CEF3} = {50F50F4A-DAE7-43A6-8903-74D5B7D09AEB}
		{5C1DC578-0BDA-4395-8A5F-E7E0342D02D1} = {3886A544-7F06-4580-B5F5-1037C110CEF3}
		{3859CFC5-1F1B-4F64-A177-2102D7063299} = {50F50F4A-DAE7-43A6-8903-74D5B7D09AEB}
		{BB8DCF69-5B43-44C0-A35B-CD38336A0B25} = {3859CFC5-1F1B-4F64-A177-2102D7063299}
	EndGlobalSection
	GlobalSection(ExtensibilityGlobals) = postSolution
		SolutionGuid = {7FAC7A04-69CC-43A0-89F6-4F789424118A}
	EndGlobalSection
EndGlobal
